
Microsoft Visual Studio Solution File, Format Version 12.00
# Visual Studio Version 16
VisualStudioVersion = 16.0.29728.190
MinimumVisualStudioVersion = 10.0.40219.1
Project("{FAE04EC0-301F-11D3-BF4B-00C04F79EFBC}") = "StudentActivity", "StudentActivity.csproj", "{4F1557E8-3A77-4D34-9D5F-DFA0BD813556}"
EndProject
Global
	GlobalSection(SolutionConfigurationPlatforms) = preSolution
		Debug|Any CPU = Debug|Any CPU
		Release|Any CPU = Release|Any CPU
	EndGlobalSection
	GlobalSection(ProjectConfigurationPlatforms) = postSolution
		{4F1557E8-3A77-4D34-9D5F-DFA0BD813556}.Debug|Any CPU.ActiveCfg = Debug|Any CPU
		{4F1557E8-3A77-4D34-9D5F-DFA0BD813556}.Debug|Any CPU.Build.0 = Debug|Any CPU
		{4F1557E8-3A77-4D34-9D5F-DFA0BD813556}.Release|Any CPU.ActiveCfg = Release|Any CPU
		{4F1557E8-3A77-4D34-9D5F-DFA0BD813556}.Release|Any CPU.Build.0 = Release|Any CPU
	EndGlobalSection
	GlobalSection(SolutionProperties) = preSolution
		HideSolutionNode = FALSE
	EndGlobalSection
	GlobalSection(ExtensibilityGlobals) = postSolution
		SolutionGuid = {209A6100-36C4-4B8F-BAC3-5AB2269A4C24}
	EndGlobalSection
EndGlobal
